{
  "lockFileVersion": 11,
  "registryFileHashes": {
    "https://bcr.bazel.build/bazel_registry.json": "8a28e4aff06ee60aed2a8c281907fb8bcbf3b753c91fb5a5c57da3215d5b3497",
    "https://bcr.bazel.build/modules/abseil-cpp/20210324.2/MODULE.bazel": "7cd0312e064fde87c8d1cd79ba06c876bd23630c83466e9500321be55c96ace2",
    "https://bcr.bazel.build/modules/abseil-cpp/20211102.0/MODULE.bazel": "70390338f7a5106231d20620712f7cccb659cd0e9d073d1991c038eb9fc57589",
    "https://bcr.bazel.build/modules/abseil-cpp/20230125.1/MODULE.bazel": "89047429cb0207707b2dface14ba7f8df85273d484c2572755be4bab7ce9c3a0",
    "https://bcr.bazel.build/modules/abseil-cpp/20230802.0.bcr.1/MODULE.bazel": "1c8cec495288dccd14fdae6e3f95f772c1c91857047a098fad772034264cc8cb",
    "https://bcr.bazel.build/modules/abseil-cpp/20230802.0.bcr.1/source.json": "14892cc698e02ffedf4967546e6bedb7245015906888d3465fcf27c90a26da10",
    "https://bcr.bazel.build/modules/abseil-cpp/20230802.0/MODULE.bazel": "d253ae36a8bd9ee3c5955384096ccb6baf16a1b1e93e858370da0a3b94f77c16",
    "https://bcr.bazel.build/modules/apple_support/1.17.1/MODULE.bazel": "655c922ab1209978a94ef6ca7d9d43e940cd97d9c172fb55f94d91ac53f8610b",
    "https://bcr.bazel.build/modules/apple_support/1.17.1/source.json": "6b2b8c74d14e8d485528a938e44bdb72a5ba17632b9e14ef6e68a5ee96c8347f",
    "https://bcr.bazel.build/modules/apple_support/1.5.0/MODULE.bazel": "50341a62efbc483e8a2a6aec30994a58749bd7b885e18dd96aa8c33031e558ef",
    "https://bcr.bazel.build/modules/bazel_features/1.10.0/MODULE.bazel": "f75e8807570484a99be90abcd52b5e1f390362c258bcb73106f4544957a48101",
    "https://bcr.bazel.build/modules/bazel_features/1.11.0/MODULE.bazel": "f9382337dd5a474c3b7d334c2f83e50b6eaedc284253334cf823044a26de03e8",
    "https://bcr.bazel.build/modules/bazel_features/1.18.0/MODULE.bazel": "1be0ae2557ab3a72a57aeb31b29be347bcdc5d2b1eb1e70f39e3851a7e97041a",
    "https://bcr.bazel.build/modules/bazel_features/1.19.0/MODULE.bazel": "59adcdf28230d220f0067b1f435b8537dd033bfff8db21335ef9217919c7fb58",
    "https://bcr.bazel.build/modules/bazel_features/1.21.0/MODULE.bazel": "675642261665d8eea09989aa3b8afb5c37627f1be178382c320d1b46afba5e3b",
    "https://bcr.bazel.build/modules/bazel_features/1.30.0/MODULE.bazel": "a14b62d05969a293b80257e72e597c2da7f717e1e69fa8b339703ed6731bec87",
    "https://bcr.bazel.build/modules/bazel_features/1.30.0/source.json": "b07e17f067fe4f69f90b03b36ef1e08fe0d1f3cac254c1241a1818773e3423bc",
    "https://bcr.bazel.build/modules/bazel_skylib/1.0.3/MODULE.bazel": "bcb0fd896384802d1ad283b4e4eb4d718eebd8cb820b0a2c3a347fb971afd9d8",
    "https://bcr.bazel.build/modules/bazel_skylib/1.1.1/MODULE.bazel": "1add3e7d93ff2e6998f9e118022c84d163917d912f5afafb3058e3d2f1545b5e",
    "https://bcr.bazel.build/modules/bazel_skylib/1.2.0/MODULE.bazel": "44fe84260e454ed94ad326352a698422dbe372b21a1ac9f3eab76eb531223686",
    "https://bcr.bazel.build/modules/bazel_skylib/1.2.1/MODULE.bazel": "f35baf9da0efe45fa3da1696ae906eea3d615ad41e2e3def4aeb4e8bc0ef9a7a",
    "https://bcr.bazel.build/modules/bazel_skylib/1.3.0/MODULE.bazel": "20228b92868bf5cfc41bda7afc8a8ba2a543201851de39d990ec957b513579c5",
    "https://bcr.bazel.build/modules/bazel_skylib/1.4.1/MODULE.bazel": "a0dcb779424be33100dcae821e9e27e4f2901d9dfd5333efe5ac6a8d7ab75e1d",
    "https://bcr.bazel.build/modules/bazel_skylib/1.5.0/MODULE.bazel": "32880f5e2945ce6a03d1fbd588e9198c0a959bb42297b2cfaf1685b7bc32e138",
    "https://bcr.bazel.build/modules/bazel_skylib/1.6.1/MODULE.bazel": "8fdee2dbaace6c252131c00e1de4b165dc65af02ea278476187765e1a617b917",
    "https://bcr.bazel.build/modules/bazel_skylib/1.7.1/MODULE.bazel": "3120d80c5861aa616222ec015332e5f8d3171e062e3e804a2a0253e1be26e59b",
    "https://bcr.bazel.build/modules/bazel_skylib/1.7.1/source.json": "f121b43eeefc7c29efbd51b83d08631e2347297c95aac9764a701f2a6a2bb953",
    "https://bcr.bazel.build/modules/buildozer/7.1.2/MODULE.bazel": "2e8dd40ede9c454042645fd8d8d0cd1527966aa5c919de86661e62953cd73d84",
    "https://bcr.bazel.build/modules/buildozer/7.1.2/source.json": "c9028a501d2db85793a6996205c8de120944f50a0d570438fcae0457a5f9d1f8",
    "https://bcr.bazel.build/modules/google_benchmark/1.8.2/MODULE.bazel": "a70cf1bba851000ba93b58ae2f6d76490a9feb74192e57ab8e8ff13c34ec50cb",
    "https://bcr.bazel.build/modules/googletest/1.11.0/MODULE.bazel": "3a83f095183f66345ca86aa13c58b59f9f94a2f81999c093d4eeaa2d262d12f4",
    "https://bcr.bazel.build/modules/googletest/1.14.0.bcr.1/MODULE.bazel": "22c31a561553727960057361aa33bf20fb2e98584bc4fec007906e27053f80c6",
    "https://bcr.bazel.build/modules/googletest/1.14.0.bcr.1/source.json": "41e9e129f80d8c8bf103a7acc337b76e54fad1214ac0a7084bf24f4cd924b8b4",
    "https://bcr.bazel.build/modules/googletest/1.14.0/MODULE.bazel": "cfbcbf3e6eac06ef9d85900f64424708cc08687d1b527f0ef65aa7517af8118f",
    "https://bcr.bazel.build/modules/jsoncpp/1.9.5/MODULE.bazel": "31271aedc59e815656f5736f282bb7509a97c7ecb43e927ac1a37966e0578075",
    "https://bcr.bazel.build/modules/jsoncpp/1.9.5/source.json": "4108ee5085dd2885a341c7fab149429db457b3169b86eb081fa245eadf69169d",
    "https://bcr.bazel.build/modules/libpfm/4.11.0/MODULE.bazel": "45061ff025b301940f1e30d2c16bea596c25b176c8b6b3087e92615adbd52902",
    "https://bcr.bazel.build/modules/platforms/0.0.10/MODULE.bazel": "8cb8efaf200bdeb2150d93e162c40f388529a25852b332cec879373771e48ed5",
    "https://bcr.bazel.build/modules/platforms/0.0.11/MODULE.bazel": "0daefc49732e227caa8bfa834d65dc52e8cc18a2faf80df25e8caea151a9413f",
    "https://bcr.bazel.build/modules/platforms/0.0.11/source.json": "f7e188b79ebedebfe75e9e1d098b8845226c7992b307e28e1496f23112e8fc29",
    "https://bcr.bazel.build/modules/platforms/0.0.4/MODULE.bazel": "9b328e31ee156f53f3c416a64f8491f7eb731742655a47c9eec4703a71644aee",
    "https://bcr.bazel.build/modules/platforms/0.0.5/MODULE.bazel": "5733b54ea419d5eaf7997054bb55f6a1d0b5ff8aedf0176fef9eea44f3acda37",
    "https://bcr.bazel.build/modules/platforms/0.0.6/MODULE.bazel": "ad6eeef431dc52aefd2d77ed20a4b353f8ebf0f4ecdd26a807d2da5aa8cd0615",
    "https://bcr.bazel.build/modules/platforms/0.0.7/MODULE.bazel": "72fd4a0ede9ee5c021f6a8dd92b503e089f46c227ba2813ff183b71616034814",
    "https://bcr.bazel.build/modules/platforms/0.0.8/MODULE.bazel": "9f142c03e348f6d263719f5074b21ef3adf0b139ee4c5133e2aa35664da9eb2d",
    "https://bcr.bazel.build/modules/platforms/0.0.9/MODULE.bazel": "4a87a60c927b56ddd67db50c89acaa62f4ce2a1d2149ccb63ffd871d5ce29ebc",
    "https://bcr.bazel.build/modules/protobuf/21.7/MODULE.bazel": "a5a29bb89544f9b97edce05642fac225a808b5b7be74038ea3640fae2f8e66a7",
    "https://bcr.bazel.build/modules/protobuf/27.0/MODULE.bazel": "7873b60be88844a0a1d8f80b9d5d20cfbd8495a689b8763e76c6372998d3f64c",
    "https://bcr.bazel.build/modules/protobuf/27.0/source.json": "1acf3d080c728d42f423fde5422fd0a1a24f44c15908124ce12363a253384193",
    "https://bcr.bazel.build/modules/protobuf/3.19.0/MODULE.bazel": "6b5fbb433f760a99a22b18b6850ed5784ef0e9928a72668b66e4d7ccd47db9b0",
    "https://bcr.bazel.build/modules/protobuf/3.19.6/MODULE.bazel": "9233edc5e1f2ee276a60de3eaa47ac4132302ef9643238f23128fea53ea12858",
    "https://bcr.bazel.build/modules/pybind11_bazel/2.11.1/MODULE.bazel": "88af1c246226d87e65be78ed49ecd1e6f5e98648558c14ce99176da041dc378e",
    "https://bcr.bazel.build/modules/pybind11_bazel/2.11.1/source.json": "be4789e951dd5301282729fe3d4938995dc4c1a81c2ff150afc9f1b0504c6022",
    "https://bcr.bazel.build/modules/re2/2023-09-01/MODULE.bazel": "cb3d511531b16cfc78a225a9e2136007a48cf8a677e4264baeab57fe78a80206",
    "https://bcr.bazel.build/modules/re2/2023-09-01/source.json": "e044ce89c2883cd957a2969a43e79f7752f9656f6b20050b62f90ede21ec6eb4",
    "https://bcr.bazel.build/modules/rules_cc/0.0.1/MODULE.bazel": "cb2aa0747f84c6c3a78dad4e2049c154f08ab9d166b1273835a8174940365647",
    "https://bcr.bazel.build/modules/rules_cc/0.0.2/MODULE.bazel": "6915987c90970493ab97393024c156ea8fb9f3bea953b2f3ec05c34f19b5695c",
    "https://bcr.bazel.build/modules/rules_cc/0.0.6/MODULE.bazel": "abf360251023dfe3efcef65ab9d56beefa8394d4176dd29529750e1c57eaa33f",
    "https://bcr.bazel.build/modules/rules_cc/0.0.8/MODULE.bazel": "964c85c82cfeb6f3855e6a07054fdb159aced38e99a5eecf7bce9d53990afa3e",
    "https://bcr.bazel.build/modules/rules_cc/0.0.9/MODULE.bazel": "836e76439f354b89afe6a911a7adf59a6b2518fafb174483ad78a2a2fde7b1c5",
    "https://bcr.bazel.build/modules/rules_cc/0.1.1/MODULE.bazel": "2f0222a6f229f0bf44cd711dc13c858dad98c62d52bd51d8fc3a764a83125513",
    "https://bcr.bazel.build/modules/rules_cc/0.1.1/source.json": "d61627377bd7dd1da4652063e368d9366fc9a73920bfa396798ad92172cf645c",
    "https://bcr.bazel.build/modules/rules_foreign_cc/0.9.0/MODULE.bazel": "c9e8c682bf75b0e7c704166d79b599f93b72cfca5ad7477df596947891feeef6",
    "https://bcr.bazel.build/modules/rules_java/4.0.0/MODULE.bazel": "5a78a7ae82cd1a33cef56dc578c7d2a46ed0dca12643ee45edbb8417899e6f74",
    "https://bcr.bazel.build/modules/rules_java/5.3.5/MODULE.bazel": "a4ec4f2db570171e3e5eb753276ee4b389bae16b96207e9d3230895c99644b86",
    "https://bcr.bazel.build/modules/rules_java/7.6.5/MODULE.bazel": "481164be5e02e4cab6e77a36927683263be56b7e36fef918b458d7a8a1ebadb1",
    "https://bcr.bazel.build/modules/rules_java/7.6.5/source.json": "a805b889531d1690e3c72a7a7e47a870d00323186a9904b36af83aa3d053ee8d",
    "https://bcr.bazel.build/modules/rules_jvm_external/4.4.2/MODULE.bazel": "a56b85e418c83eb1839819f0b515c431010160383306d13ec21959ac412d2fe7",
    "https://bcr.bazel.build/modules/rules_jvm_external/5.1/MODULE.bazel": "33f6f999e03183f7d088c9be518a63467dfd0be94a11d0055fe2d210f89aa909",
    "https://bcr.bazel.build/modules/rules_jvm_external/5.1/source.json": "5abb45cc9beb27b77aec6a65a11855ef2b55d95dfdc358e9f312b78ae0ba32d5",
    "https://bcr.bazel.build/modules/rules_license/0.0.3/MODULE.bazel": "627e9ab0247f7d1e05736b59dbb1b6871373de5ad31c3011880b4133cafd4bd0",
    "https://bcr.bazel.build/modules/rules_license/0.0.7/MODULE.bazel": "088fbeb0b6a419005b89cf93fe62d9517c0a2b8bb56af3244af65ecfe37e7d5d",
    "https://bcr.bazel.build/modules/rules_license/1.0.0/MODULE.bazel": "a7fda60eefdf3d8c827262ba499957e4df06f659330bbe6cdbdb975b768bb65c",
    "https://bcr.bazel.build/modules/rules_license/1.0.0/source.json": "a52c89e54cc311196e478f8382df91c15f7a2bfdf4c6cd0e2675cc2ff0b56efb",
    "https://bcr.bazel.build/modules/rules_pkg/0.7.0/MODULE.bazel": "df99f03fc7934a4737122518bb87e667e62d780b610910f0447665a7e2be62dc",
    "https://bcr.bazel.build/modules/rules_pkg/0.7.0/source.json": "c2557066e0c0342223ba592510ad3d812d4963b9024831f7f66fd0584dd8c66c",
    "https://bcr.bazel.build/modules/rules_proto/4.0.0/MODULE.bazel": "a7a7b6ce9bee418c1a760b3d84f83a299ad6952f9903c67f19e4edd964894e06",
    "https://bcr.bazel.build/modules/rules_proto/5.3.0-21.7/MODULE.bazel": "e8dff86b0971688790ae75528fe1813f71809b5afd57facb44dad9e8eca631b7",
    "https://bcr.bazel.build/modules/rules_proto/5.3.0-21.7/source.json": "d57902c052424dfda0e71646cb12668d39c4620ee0544294d9d941e7d12bc3a9",
    "https://bcr.bazel.build/modules/rules_python/0.10.2/MODULE.bazel": "cc82bc96f2997baa545ab3ce73f196d040ffb8756fd2d66125a530031cd90e5f",
    "https://bcr.bazel.build/modules/rules_python/0.22.1/MODULE.bazel": "26114f0c0b5e93018c0c066d6673f1a2c3737c7e90af95eff30cfee38d0bbac7",
    "https://bcr.bazel.build/modules/rules_python/0.25.0/MODULE.bazel": "72f1506841c920a1afec76975b35312410eea3aa7b63267436bfb1dd91d2d382",
    "https://bcr.bazel.build/modules/rules_python/0.25.0/source.json": "c45006984eeaa18ad14c006091b264bff620c41952e9184edfe225ea95c3f986",
    "https://bcr.bazel.build/modules/rules_python/0.4.0/MODULE.bazel": "9208ee05fd48bf09ac60ed269791cf17fb343db56c8226a720fbb1cdf467166c",
    "https://bcr.bazel.build/modules/rules_rust/0.58.0/MODULE.bazel": "3c8f4147982822c7d1fa63aecb1468c38ab9178107770df18031211a16719247",
    "https://bcr.bazel.build/modules/rules_rust/0.58.0/source.json": "36262a3cdbd52eb89f275aa41877f0ea77aa4759c26ff76c6bfeb03aeff7b3dd",
    "https://bcr.bazel.build/modules/rules_shell/0.3.0/MODULE.bazel": "de4402cd12f4cc8fda2354fce179fdb068c0b9ca1ec2d2b17b3e21b24c1a937b",
    "https://bcr.bazel.build/modules/rules_shell/0.3.0/source.json": "c55ed591aa5009401ddf80ded9762ac32c358d2517ee7820be981e2de9756cf3",
    "https://bcr.bazel.build/modules/stardoc/0.5.1/MODULE.bazel": "1a05d92974d0c122f5ccf09291442580317cdd859f07a8655f1db9a60374f9f8",
    "https://bcr.bazel.build/modules/stardoc/0.5.3/MODULE.bazel": "c7f6948dae6999bf0db32c1858ae345f112cacf98f174c7a8bb707e41b974f1c",
    "https://bcr.bazel.build/modules/stardoc/0.5.3/source.json": "cd53fe968dc8cd98197c052db3db6d82562960c87b61e7a90ee96f8e4e0dda97",
    "https://bcr.bazel.build/modules/upb/0.0.0-20220923-a547704/MODULE.bazel": "7298990c00040a0e2f121f6c32544bab27d4452f80d9ce51349b1a28f3005c43",
    "https://bcr.bazel.build/modules/zlib/1.2.11/MODULE.bazel": "07b389abc85fdbca459b69e2ec656ae5622873af3f845e1c9d80fe179f3effa0",
    "https://bcr.bazel.build/modules/zlib/1.2.12/MODULE.bazel": "3b1a8834ada2a883674be8cbd36ede1b6ec481477ada359cd2d3ddc562340b27",
    "https://bcr.bazel.build/modules/zlib/1.3.1.bcr.3/MODULE.bazel": "af322bc08976524477c79d1e45e241b6efbeb918c497e8840b8ab116802dda79",
    "https://bcr.bazel.build/modules/zlib/1.3.1.bcr.3/source.json": "2be409ac3c7601245958cd4fcdff4288be79ed23bd690b4b951f500d54ee6e7d"
  },
  "selectedYankedVersions": {},
  "moduleExtensions": {
    "@@apple_support~//crosstool:setup.bzl%apple_cc_configure_extension": {
      "general": {
        "bzlTransitiveDigest": "7ii+gFxWSxHhQPrBxfMEHhtrGvHmBTvsh+KOyGunP/s=",
        "usagesDigest": "R8xslr59tZnVLqBbEpbunVi3NfM8lkJZstFJkVyW4qk=",
        "recordedFileInputs": {},
        "recordedDirentsInputs": {},
        "envVariables": {},
        "generatedRepoSpecs": {
          "local_config_apple_cc_toolchains": {
            "bzlFile": "@@apple_support~//crosstool:setup.bzl",
            "ruleClassName": "_apple_cc_autoconf_toolchains",
            "attributes": {}
          },
          "local_config_apple_cc": {
            "bzlFile": "@@apple_support~//crosstool:setup.bzl",
            "ruleClassName": "_apple_cc_autoconf",
            "attributes": {}
          }
        },
        "recordedRepoMappingEntries": [
          [
            "apple_support~",
            "bazel_tools",
            "bazel_tools"
          ]
        ]
      }
    },
    "@@rules_python~//python/extensions:python.bzl%python": {
      "general": {
        "bzlTransitiveDigest": "iLQaUMd7I7D+VWvEBMolQtd4OA+e2bF6LfSeTsWSilQ=",
        "usagesDigest": "Lg5A49WT/12uXF1oVQo3hW8a0Px7geH1rQJQ+u5VkM4=",
        "recordedFileInputs": {},
        "recordedDirentsInputs": {},
        "envVariables": {},
        "generatedRepoSpecs": {
          "python_3_11_aarch64-apple-darwin": {
            "bzlFile": "@@rules_python~//python:repositories.bzl",
            "ruleClassName": "python_repository",
            "attributes": {
              "sha256": "cb6d2948384a857321f2aa40fa67744cd9676a330f08b6dad7070bda0b6120a4",
              "patches": [],
              "platform": "aarch64-apple-darwin",
              "python_version": "3.11.4",
              "release_filename": "20230726/cpython-3.11.4+20230726-aarch64-apple-darwin-install_only.tar.gz",
              "urls": [
                "https://github.com/indygreg/python-build-standalone/releases/download/20230726/cpython-3.11.4+20230726-aarch64-apple-darwin-install_only.tar.gz"
              ],
              "distutils_content": "",
              "strip_prefix": "python",
              "coverage_tool": "",
              "ignore_root_user_error": false
            }
          },
          "python_3_11_aarch64-unknown-linux-gnu": {
            "bzlFile": "@@rules_python~//python:repositories.bzl",
            "ruleClassName": "python_repository",
            "attributes": {
              "sha256": "2e84fc53f4e90e11963281c5c871f593abcb24fc796a50337fa516be99af02fb",
              "patches": [],
              "platform": "aarch64-unknown-linux-gnu",
              "python_version": "3.11.4",
              "release_filename": "20230726/cpython-3.11.4+20230726-aarch64-unknown-linux-gnu-install_only.tar.gz",
              "urls": [
                "https://github.com/indygreg/python-build-standalone/releases/download/20230726/cpython-3.11.4+20230726-aarch64-unknown-linux-gnu-install_only.tar.gz"
              ],
              "distutils_content": "",
              "strip_prefix": "python",
              "coverage_tool": "",
              "ignore_root_user_error": false
            }
          },
          "python_3_11_ppc64le-unknown-linux-gnu": {
            "bzlFile": "@@rules_python~//python:repositories.bzl",
            "ruleClassName": "python_repository",
            "attributes": {
              "sha256": "df7b92ed9cec96b3bb658fb586be947722ecd8e420fb23cee13d2e90abcfcf25",
              "patches": [],
              "platform": "ppc64le-unknown-linux-gnu",
              "python_version": "3.11.4",
              "release_filename": "20230726/cpython-3.11.4+20230726-ppc64le-unknown-linux-gnu-install_only.tar.gz",
              "urls": [
                "https://github.com/indygreg/python-build-standalone/releases/download/20230726/cpython-3.11.4+20230726-ppc64le-unknown-linux-gnu-install_only.tar.gz"
              ],
              "distutils_content": "",
              "strip_prefix": "python",
              "coverage_tool": "",
              "ignore_root_user_error": false
            }
          },
          "python_3_11_s390x-unknown-linux-gnu": {
            "bzlFile": "@@rules_python~//python:repositories.bzl",
            "ruleClassName": "python_repository",
            "attributes": {
              "sha256": "e477f0749161f9aa7887964f089d9460a539f6b4a8fdab5166f898210e1a87a4",
              "patches": [],
              "platform": "s390x-unknown-linux-gnu",
              "python_version": "3.11.4",
              "release_filename": "20230726/cpython-3.11.4+20230726-s390x-unknown-linux-gnu-install_only.tar.gz",
              "urls": [
                "https://github.com/indygreg/python-build-standalone/releases/download/20230726/cpython-3.11.4+20230726-s390x-unknown-linux-gnu-install_only.tar.gz"
              ],
              "distutils_content": "",
              "strip_prefix": "python",
              "coverage_tool": "",
              "ignore_root_user_error": false
            }
          },
          "python_3_11_x86_64-apple-darwin": {
            "bzlFile": "@@rules_python~//python:repositories.bzl",
            "ruleClassName": "python_repository",
            "attributes": {
              "sha256": "47e1557d93a42585972772e82661047ca5f608293158acb2778dccf120eabb00",
              "patches": [],
              "platform": "x86_64-apple-darwin",
              "python_version": "3.11.4",
              "release_filename": "20230726/cpython-3.11.4+20230726-x86_64-apple-darwin-install_only.tar.gz",
              "urls": [
                "https://github.com/indygreg/python-build-standalone/releases/download/20230726/cpython-3.11.4+20230726-x86_64-apple-darwin-install_only.tar.gz"
              ],
              "distutils_content": "",
              "strip_prefix": "python",
              "coverage_tool": "",
              "ignore_root_user_error": false
            }
          },
          "python_3_11_x86_64-pc-windows-msvc": {
            "bzlFile": "@@rules_python~//python:repositories.bzl",
            "ruleClassName": "python_repository",
            "attributes": {
              "sha256": "878614c03ea38538ae2f758e36c85d2c0eb1eaaca86cd400ff8c76693ee0b3e1",
              "patches": [],
              "platform": "x86_64-pc-windows-msvc",
              "python_version": "3.11.4",
              "release_filename": "20230726/cpython-3.11.4+20230726-x86_64-pc-windows-msvc-shared-install_only.tar.gz",
              "urls": [
                "https://github.com/indygreg/python-build-standalone/releases/download/20230726/cpython-3.11.4+20230726-x86_64-pc-windows-msvc-shared-install_only.tar.gz"
              ],
              "distutils_content": "",
              "strip_prefix": "python",
              "coverage_tool": "",
              "ignore_root_user_error": false
            }
          },
          "python_3_11_x86_64-unknown-linux-gnu": {
            "bzlFile": "@@rules_python~//python:repositories.bzl",
            "ruleClassName": "python_repository",
            "attributes": {
              "sha256": "e26247302bc8e9083a43ce9e8dd94905b40d464745b1603041f7bc9a93c65d05",
              "patches": [],
              "platform": "x86_64-unknown-linux-gnu",
              "python_version": "3.11.4",
              "release_filename": "20230726/cpython-3.11.4+20230726-x86_64-unknown-linux-gnu-install_only.tar.gz",
              "urls": [
                "https://github.com/indygreg/python-build-standalone/releases/download/20230726/cpython-3.11.4+20230726-x86_64-unknown-linux-gnu-install_only.tar.gz"
              ],
              "distutils_content": "",
              "strip_prefix": "python",
              "coverage_tool": "",
              "ignore_root_user_error": false
            }
          },
          "python_3_11": {
            "bzlFile": "@@rules_python~//python/private:toolchains_repo.bzl",
            "ruleClassName": "toolchain_aliases",
            "attributes": {
              "python_version": "3.11.4",
              "user_repository_name": "python_3_11"
            }
          },
          "pythons_hub": {
            "bzlFile": "@@rules_python~//python/extensions/private:pythons_hub.bzl",
            "ruleClassName": "hub_repo",
            "attributes": {
              "default_python_version": "3.11",
              "toolchain_prefixes": [
                "_0000_python_3_11_"
              ],
              "toolchain_python_versions": [
                "3.11"
              ],
              "toolchain_set_python_version_constraints": [
                "False"
              ],
              "toolchain_user_repository_names": [
                "python_3_11"
              ]
            }
          },
          "python_versions": {
            "bzlFile": "@@rules_python~//python/private:toolchains_repo.bzl",
            "ruleClassName": "multi_toolchain_aliases",
            "attributes": {
              "python_versions": {
                "3.11": "python_3_11"
              }
            }
          }
        },
        "recordedRepoMappingEntries": [
          [
            "rules_python~",
            "bazel_tools",
            "bazel_tools"
          ]
        ]
      }
    }
  }
}
